
Microsoft Visual Studio Solution File, Format Version 12.00
# Visual Studio 15
VisualStudioVersion = 15.0.28307.645
MinimumVisualStudioVersion = 10.0.40219.1
Project("{8BC9CEB8-8B4A-11D0-8D11-00A0C91BC942}") = "ResponseTimeCalculation", "ResponseTimeCalculation\ResponseTimeCalculation.vcxproj", "{DD72D2F8-94D5-42AC-A701-13D7D8C750CF}"
EndProject
Global
	GlobalSection(SolutionConfigurationPlatforms) = preSolution
		Debug|x64 = Debug|x64
		Debug|x86 = Debug|x86
		Release|x64 = Release|x64
		Release|x86 = Release|x86
	EndGlobalSection
	GlobalSection(ProjectConfigurationPlatforms) = postSolution
		{DD72D2F8-94D5-42AC-A701-13D7D8C750CF}.Debug|x64.ActiveCfg = Debug|x64
		{DD72D2F8-94D5-42AC-A701-13D7D8C750CF}.Debug|x64.Build.0 = Debug|x64
		{DD72D2F8-94D5-42AC-A701-13D7D8C750CF}.Debug|x86.ActiveCfg = Debug|Win32
		{DD72D2F8-94D5-42AC-A701-13D7D8C750CF}.Debug|x86.Build.0 = Debug|Win32
		{DD72D2F8-94D5-42AC-A701-13D7D8C750CF}.Release|x64.ActiveCfg = Release|x64
		{DD72D2F8-94D5-42AC-A701-13D7D8C750CF}.Release|x64.Build.0 = Release|x64
		{DD72D2F8-94D5-42AC-A701-13D7D8C750CF}.Release|x86.ActiveCfg = Release|Win32
		{DD72D2F8-94D5-42AC-A701-13D7D8C750CF}.Release|x86.Build.0 = Release|Win32
	EndGlobalSection
	GlobalSection(SolutionProperties) = preSolution
		HideSolutionNode = FALSE
	EndGlobalSection
	GlobalSection(ExtensibilityGlobals) = postSolution
		SolutionGuid = {51EFFF14-DBA5-4AEA-A17A-D8171DEA6AD6}
	EndGlobalSection
EndGlobal
